{
  "name": "test-npm-registry",
  "version": "1.0.0",
  "lockfileVersion": 2,
  "requires": true,
  "packages": {
    "": {
      "version": "1.0.0",
      "license": "ISC",
      "dependencies": {
        "@kaz0u/test-docker": "^1.0.4"
      }
    },
    "node_modules/@kaz0u/test-docker": {
      "version": "1.0.4",
      "resolved": "https://npm.pkg.github.com/download/@kaz0u/test-docker/1.0.4/a62c924b0096eede43a4af05e42ffbe9d9f353b1a7a06efbac6450c100b68364",
      "integrity": "sha512-8yQ571cTAMtwIDt/Ain/jw+npX0SrbZ/6011qMRDg6dRFEPQNHy+Yp9rYlIrkZ51civqnvNzuJeD7cySxYZctw==",
      "license": "ISC"
    }
  },
  "dependencies": {
    "@kaz0u/test-docker": {
      "version": "1.0.4",
      "resolved": "https://npm.pkg.github.com/download/@kaz0u/test-docker/1.0.4/a62c924b0096eede43a4af05e42ffbe9d9f353b1a7a06efbac6450c100b68364",
      "integrity": "sha512-8yQ571cTAMtwIDt/Ain/jw+npX0SrbZ/6011qMRDg6dRFEPQNHy+Yp9rYlIrkZ51civqnvNzuJeD7cySxYZctw=="
    }
  }
}
